// !$*UTF8*$!
{
	archiveVersion = 1;
	classes = {
	};
	objectVersion = 55;
	objects = {

/* Begin PBXBuildFile section */
		62169C6427BED09800BD129E /* LoginFromWebView.swift in Sources */ = {isa = PBXBuildFile; fileRef = 62169C6327BED09800BD129E /* LoginFromWebView.swift */; };
		621E925127C36BBB0029157F /* DetachProtocol.swift in Sources */ = {isa = PBXBuildFile; fileRef = 621E925027C36BBB0029157F /* DetachProtocol.swift */; };
		621F9CF227E792D600F3F5AC /* GroupsCell.swift in Sources */ = {isa = PBXBuildFile; fileRef = 621F9CF127E792D600F3F5AC /* GroupsCell.swift */; };
		622A250727BE64EF001E2659 /* Auth.swift in Sources */ = {isa = PBXBuildFile; fileRef = 622A250627BE64EF001E2659 /* Auth.swift */; };
		6249C2AA27BA576B00B5F4EB /* SearchGroupView.swift in Sources */ = {isa = PBXBuildFile; fileRef = 6249C2A927BA576B00B5F4EB /* SearchGroupView.swift */; };
		62505D9E27B965E1008F017B /*  VKclient_SwiftUIApp.swift in Sources */ = {isa = PBXBuildFile; fileRef = 62505D9D27B965E1008F017B /*  VKclient_SwiftUIApp.swift */; };
		62505DA027B97A16008F017B /* PhotoFriendsView.swift in Sources */ = {isa = PBXBuildFile; fileRef = 62505D9F27B97A16008F017B /* PhotoFriendsView.swift */; };
		62505DA327B97C43008F017B /* QGrid in Frameworks */ = {isa = PBXBuildFile; productRef = 62505DA227B97C43008F017B /* QGrid */; };
		6259091027D203B200F0FDEA /* FriendsCell.swift in Sources */ = {isa = PBXBuildFile; fileRef = 6259090F27D203B200F0FDEA /* FriendsCell.swift */; };
		6259091227D2071A00F0FDEA /* PhotoFriendsCell.swift in Sources */ = {isa = PBXBuildFile; fileRef = 6259091127D2071A00F0FDEA /* PhotoFriendsCell.swift */; };
		626362AF27BCE94C00FE5636 /* Realm in Frameworks */ = {isa = PBXBuildFile; productRef = 626362AE27BCE94C00FE5636 /* Realm */; };
		626362B127BCE94C00FE5636 /* RealmSwift in Frameworks */ = {isa = PBXBuildFile; productRef = 626362B027BCE94C00FE5636 /* RealmSwift */; };
		626362B427BCEA3D00FE5636 /* SwiftyJSON in Frameworks */ = {isa = PBXBuildFile; productRef = 626362B327BCEA3D00FE5636 /* SwiftyJSON */; };
		626362B727BCEAA200FE5636 /* Kingfisher in Frameworks */ = {isa = PBXBuildFile; productRef = 626362B627BCEAA200FE5636 /* Kingfisher */; };
		626362BA27BCEABE00FE5636 /* Alamofire in Frameworks */ = {isa = PBXBuildFile; productRef = 626362B927BCEABE00FE5636 /* Alamofire */; };
		626362C027BD0E1F00FE5636 /* GroupViewModel.swift in Sources */ = {isa = PBXBuildFile; fileRef = 626362BF27BD0E1F00FE5636 /* GroupViewModel.swift */; };
		626362C227BD100800FE5636 /* NewsModel.swift in Sources */ = {isa = PBXBuildFile; fileRef = 626362C127BD100800FE5636 /* NewsModel.swift */; };
		626362C427BD101900FE5636 /* PhotosModel.swift in Sources */ = {isa = PBXBuildFile; fileRef = 626362C327BD101900FE5636 /* PhotosModel.swift */; };
		626362C727BD108F00FE5636 /* RealmGroups.swift in Sources */ = {isa = PBXBuildFile; fileRef = 626362C627BD108F00FE5636 /* RealmGroups.swift */; };
		626362C927BD10B200FE5636 /* RealmPhotos.swift in Sources */ = {isa = PBXBuildFile; fileRef = 626362C827BD10B200FE5636 /* RealmPhotos.swift */; };
		626362CB27BD10DC00FE5636 /* RealmUsers.swift in Sources */ = {isa = PBXBuildFile; fileRef = 626362CA27BD10DC00FE5636 /* RealmUsers.swift */; };
		626362D027BD148100FE5636 /* NetworkService.swift in Sources */ = {isa = PBXBuildFile; fileRef = 626362CF27BD148100FE5636 /* NetworkService.swift */; };
		626362D227BD14D000FE5636 /* VKlogin.swift in Sources */ = {isa = PBXBuildFile; fileRef = 626362D127BD14D000FE5636 /* VKlogin.swift */; };
		626362D427BD15D000FE5636 /* UserViewModel.swift in Sources */ = {isa = PBXBuildFile; fileRef = 626362D327BD15D000FE5636 /* UserViewModel.swift */; };
		626362D627BD20C400FE5636 /* RealmService.swift in Sources */ = {isa = PBXBuildFile; fileRef = 626362D527BD20C400FE5636 /* RealmService.swift */; };
		6289555027B821A7007FC75D /* TabViewVK.swift in Sources */ = {isa = PBXBuildFile; fileRef = 6289554F27B821A7007FC75D /* TabViewVK.swift */; };
		6289555227B826B6007FC75D /* NewsView.swift in Sources */ = {isa = PBXBuildFile; fileRef = 6289555127B826B6007FC75D /* NewsView.swift */; };
		629398B027B0218200A6FDD9 /* LoginContentView.swift in Sources */ = {isa = PBXBuildFile; fileRef = 629398AF27B0218200A6FDD9 /* LoginContentView.swift */; };
		629398B227B0218300A6FDD9 /* Assets.xcassets in Resources */ = {isa = PBXBuildFile; fileRef = 629398B127B0218300A6FDD9 /* Assets.xcassets */; };
		629398B527B0218300A6FDD9 /* Preview Assets.xcassets in Resources */ = {isa = PBXBuildFile; fileRef = 629398B427B0218300A6FDD9 /* Preview Assets.xcassets */; };
		62A8AA1227B416B000F80EA2 /* UserModel.swift in Sources */ = {isa = PBXBuildFile; fileRef = 62A8AA1127B416B000F80EA2 /* UserModel.swift */; };
		62A8AA1427B416B800F80EA2 /* GroupModel.swift in Sources */ = {isa = PBXBuildFile; fileRef = 62A8AA1327B416B800F80EA2 /* GroupModel.swift */; };
		62A8AA1727B416F500F80EA2 /* ViewModifier.swift in Sources */ = {isa = PBXBuildFile; fileRef = 62A8AA1627B416F500F80EA2 /* ViewModifier.swift */; };
		62A8AA1927B416FC00F80EA2 /* ViewBuilder.swift in Sources */ = {isa = PBXBuildFile; fileRef = 62A8AA1827B416FC00F80EA2 /* ViewBuilder.swift */; };
		62A8AA1B27B4170A00F80EA2 /* FriendsView.swift in Sources */ = {isa = PBXBuildFile; fileRef = 62A8AA1A27B4170A00F80EA2 /* FriendsView.swift */; };
		62A8AA1D27B4171700F80EA2 /* GroupsView.swift in Sources */ = {isa = PBXBuildFile; fileRef = 62A8AA1C27B4171700F80EA2 /* GroupsView.swift */; };
		62C4FD0C27C1597900FEBFA9 /* PhotosViewModel.swift in Sources */ = {isa = PBXBuildFile; fileRef = 62C4FD0B27C1597900FEBFA9 /* PhotosViewModel.swift */; };
		62CC03B327C292060077CA6F /* ExtendedPhotoView.swift in Sources */ = {isa = PBXBuildFile; fileRef = 62CC03B227C292060077CA6F /* ExtendedPhotoView.swift */; };
		62F2AC0C27E32A0E00AC7F3E /* AppDelegate.swift in Sources */ = {isa = PBXBuildFile; fileRef = 62F2AC0B27E32A0E00AC7F3E /* AppDelegate.swift */; };
		62F2AC0E27E3373C00AC7F3E /* TabViewCoordinator.swift in Sources */ = {isa = PBXBuildFile; fileRef = 62F2AC0D27E3373C00AC7F3E /* TabViewCoordinator.swift */; };
		62F2AC1227E33DEA00AC7F3E /* TabBarCoordinatorView.swift in Sources */ = {isa = PBXBuildFile; fileRef = 62F2AC1127E33DEA00AC7F3E /* TabBarCoordinatorView.swift */; };
/* End PBXBuildFile section */

/* Begin PBXFileReference section */
		62169C6327BED09800BD129E /* LoginFromWebView.swift */ = {isa = PBXFileReference; lastKnownFileType = sourcecode.swift; path = LoginFromWebView.swift; sourceTree = "<group>"; };
		621E925027C36BBB0029157F /* DetachProtocol.swift */ = {isa = PBXFileReference; lastKnownFileType = sourcecode.swift; path = DetachProtocol.swift; sourceTree = "<group>"; };
		621F9CF127E792D600F3F5AC /* GroupsCell.swift */ = {isa = PBXFileReference; lastKnownFileType = sourcecode.swift; path = GroupsCell.swift; sourceTree = "<group>"; };
		622A250627BE64EF001E2659 /* Auth.swift */ = {isa = PBXFileReference; lastKnownFileType = sourcecode.swift; path = Auth.swift; sourceTree = "<group>"; };
		6249C2A927BA576B00B5F4EB /* SearchGroupView.swift */ = {isa = PBXFileReference; lastKnownFileType = sourcecode.swift; path = SearchGroupView.swift; sourceTree = "<group>"; };
		62505D9D27B965E1008F017B /*  VKclient_SwiftUIApp.swift */ = {isa = PBXFileReference; lastKnownFileType = sourcecode.swift; path = " VKclient_SwiftUIApp.swift"; sourceTree = "<group>"; };
		62505D9F27B97A16008F017B /* PhotoFriendsView.swift */ = {isa = PBXFileReference; lastKnownFileType = sourcecode.swift; path = PhotoFriendsView.swift; sourceTree = "<group>"; };
		6259090F27D203B200F0FDEA /* FriendsCell.swift */ = {isa = PBXFileReference; lastKnownFileType = sourcecode.swift; path = FriendsCell.swift; sourceTree = "<group>"; };
		6259091127D2071A00F0FDEA /* PhotoFriendsCell.swift */ = {isa = PBXFileReference; lastKnownFileType = sourcecode.swift; path = PhotoFriendsCell.swift; sourceTree = "<group>"; };
		626362BF27BD0E1F00FE5636 /* GroupViewModel.swift */ = {isa = PBXFileReference; lastKnownFileType = sourcecode.swift; path = GroupViewModel.swift; sourceTree = "<group>"; };
		626362C127BD100800FE5636 /* NewsModel.swift */ = {isa = PBXFileReference; lastKnownFileType = sourcecode.swift; path = NewsModel.swift; sourceTree = "<group>"; };
		626362C327BD101900FE5636 /* PhotosModel.swift */ = {isa = PBXFileReference; lastKnownFileType = sourcecode.swift; path = PhotosModel.swift; sourceTree = "<group>"; };
		626362C627BD108F00FE5636 /* RealmGroups.swift */ = {isa = PBXFileReference; lastKnownFileType = sourcecode.swift; path = RealmGroups.swift; sourceTree = "<group>"; };
		626362C827BD10B200FE5636 /* RealmPhotos.swift */ = {isa = PBXFileReference; lastKnownFileType = sourcecode.swift; path = RealmPhotos.swift; sourceTree = "<group>"; };
		626362CA27BD10DC00FE5636 /* RealmUsers.swift */ = {isa = PBXFileReference; lastKnownFileType = sourcecode.swift; path = RealmUsers.swift; sourceTree = "<group>"; };
		626362CF27BD148100FE5636 /* NetworkService.swift */ = {isa = PBXFileReference; lastKnownFileType = sourcecode.swift; path = NetworkService.swift; sourceTree = "<group>"; };
		626362D127BD14D000FE5636 /* VKlogin.swift */ = {isa = PBXFileReference; lastKnownFileType = sourcecode.swift; path = VKlogin.swift; sourceTree = "<group>"; };
		626362D327BD15D000FE5636 /* UserViewModel.swift */ = {isa = PBXFileReference; lastKnownFileType = sourcecode.swift; path = UserViewModel.swift; sourceTree = "<group>"; };
		626362D527BD20C400FE5636 /* RealmService.swift */ = {isa = PBXFileReference; lastKnownFileType = sourcecode.swift; path = RealmService.swift; sourceTree = "<group>"; };
		6289554F27B821A7007FC75D /* TabViewVK.swift */ = {isa = PBXFileReference; lastKnownFileType = sourcecode.swift; path = TabViewVK.swift; sourceTree = "<group>"; };
		6289555127B826B6007FC75D /* NewsView.swift */ = {isa = PBXFileReference; lastKnownFileType = sourcecode.swift; path = NewsView.swift; sourceTree = "<group>"; };
		629398AA27B0218200A6FDD9 /* VKclient-SwiftUI.app */ = {isa = PBXFileReference; explicitFileType = wrapper.application; includeInIndex = 0; path = "VKclient-SwiftUI.app"; sourceTree = BUILT_PRODUCTS_DIR; };
		629398AF27B0218200A6FDD9 /* LoginContentView.swift */ = {isa = PBXFileReference; lastKnownFileType = sourcecode.swift; path = LoginContentView.swift; sourceTree = "<group>"; };
		629398B127B0218300A6FDD9 /* Assets.xcassets */ = {isa = PBXFileReference; lastKnownFileType = folder.assetcatalog; path = Assets.xcassets; sourceTree = "<group>"; };
		629398B427B0218300A6FDD9 /* Preview Assets.xcassets */ = {isa = PBXFileReference; lastKnownFileType = folder.assetcatalog; path = "Preview Assets.xcassets"; sourceTree = "<group>"; };
		62A8AA1127B416B000F80EA2 /* UserModel.swift */ = {isa = PBXFileReference; fileEncoding = 4; lastKnownFileType = sourcecode.swift; path = UserModel.swift; sourceTree = "<group>"; };
		62A8AA1327B416B800F80EA2 /* GroupModel.swift */ = {isa = PBXFileReference; fileEncoding = 4; lastKnownFileType = sourcecode.swift; path = GroupModel.swift; sourceTree = "<group>"; };
		62A8AA1627B416F500F80EA2 /* ViewModifier.swift */ = {isa = PBXFileReference; fileEncoding = 4; lastKnownFileType = sourcecode.swift; path = ViewModifier.swift; sourceTree = "<group>"; };
		62A8AA1827B416FC00F80EA2 /* ViewBuilder.swift */ = {isa = PBXFileReference; fileEncoding = 4; lastKnownFileType = sourcecode.swift; path = ViewBuilder.swift; sourceTree = "<group>"; };
		62A8AA1A27B4170A00F80EA2 /* FriendsView.swift */ = {isa = PBXFileReference; fileEncoding = 4; lastKnownFileType = sourcecode.swift; path = FriendsView.swift; sourceTree = "<group>"; };
		62A8AA1C27B4171700F80EA2 /* GroupsView.swift */ = {isa = PBXFileReference; fileEncoding = 4; lastKnownFileType = sourcecode.swift; path = GroupsView.swift; sourceTree = "<group>"; };
		62C4FD0B27C1597900FEBFA9 /* PhotosViewModel.swift */ = {isa = PBXFileReference; lastKnownFileType = sourcecode.swift; path = PhotosViewModel.swift; sourceTree = "<group>"; };
		62CC03B227C292060077CA6F /* ExtendedPhotoView.swift */ = {isa = PBXFileReference; lastKnownFileType = sourcecode.swift; path = ExtendedPhotoView.swift; sourceTree = "<group>"; };
		62F2AC0B27E32A0E00AC7F3E /* AppDelegate.swift */ = {isa = PBXFileReference; lastKnownFileType = sourcecode.swift; path = AppDelegate.swift; sourceTree = "<group>"; };
		62F2AC0D27E3373C00AC7F3E /* TabViewCoordinator.swift */ = {isa = PBXFileReference; lastKnownFileType = sourcecode.swift; path = TabViewCoordinator.swift; sourceTree = "<group>"; };
		62F2AC1127E33DEA00AC7F3E /* TabBarCoordinatorView.swift */ = {isa = PBXFileReference; lastKnownFileType = sourcecode.swift; path = TabBarCoordinatorView.swift; sourceTree = "<group>"; };
/* End PBXFileReference section */

/* Begin PBXFrameworksBuildPhase section */
		629398A727B0218200A6FDD9 /* Frameworks */ = {
			isa = PBXFrameworksBuildPhase;
			buildActionMask = 2147483647;
			files = (
				626362B127BCE94C00FE5636 /* RealmSwift in Frameworks */,
				626362AF27BCE94C00FE5636 /* Realm in Frameworks */,
				626362B427BCEA3D00FE5636 /* SwiftyJSON in Frameworks */,
				626362BA27BCEABE00FE5636 /* Alamofire in Frameworks */,
				62505DA327B97C43008F017B /* QGrid in Frameworks */,
				626362B727BCEAA200FE5636 /* Kingfisher in Frameworks */,
			);
			runOnlyForDeploymentPostprocessing = 0;
		};
/* End PBXFrameworksBuildPhase section */

/* Begin PBXGroup section */
		621BFADD27DBC5F400A00DDA /* Coordinator */ = {
			isa = PBXGroup;
			children = (
				62F2AC0D27E3373C00AC7F3E /* TabViewCoordinator.swift */,
				62F2AC1127E33DEA00AC7F3E /* TabBarCoordinatorView.swift */,
			);
			path = Coordinator;
			sourceTree = "<group>";
		};
		621F9CF027E792C100F3F5AC /* Cells */ = {
			isa = PBXGroup;
			children = (
				621F9CF127E792D600F3F5AC /* GroupsCell.swift */,
			);
			path = Cells;
			sourceTree = "<group>";
		};
		6259091327D207D500F0FDEA /* Cells */ = {
			isa = PBXGroup;
			children = (
				6259091127D2071A00F0FDEA /* PhotoFriendsCell.swift */,
				6259090F27D203B200F0FDEA /* FriendsCell.swift */,
			);
			path = Cells;
			sourceTree = "<group>";
		};
		626362BB27BD0C2E00FE5636 /* Flows */ = {
			isa = PBXGroup;
			children = (
				62750B8C27D1234B00552977 /* TabView */,
				626362CD27BD138600FE5636 /* Login */,
				626362BE27BD0C5200FE5636 /* News */,
				626362BD27BD0C4400FE5636 /* Users */,
				626362BC27BD0C3700FE5636 /* Group */,
			);
			path = Flows;
			sourceTree = "<group>";
		};
		626362BC27BD0C3700FE5636 /* Group */ = {
			isa = PBXGroup;
			children = (
				621F9CF027E792C100F3F5AC /* Cells */,
				62A8AA1C27B4171700F80EA2 /* GroupsView.swift */,
				6249C2A927BA576B00B5F4EB /* SearchGroupView.swift */,
			);
			path = Group;
			sourceTree = "<group>";
		};
		626362BD27BD0C4400FE5636 /* Users */ = {
			isa = PBXGroup;
			children = (
				6259091327D207D500F0FDEA /* Cells */,
				62A8AA1A27B4170A00F80EA2 /* FriendsView.swift */,
				62505D9F27B97A16008F017B /* PhotoFriendsView.swift */,
				62CC03B227C292060077CA6F /* ExtendedPhotoView.swift */,
			);
			path = Users;
			sourceTree = "<group>";
		};
		626362BE27BD0C5200FE5636 /* News */ = {
			isa = PBXGroup;
			children = (
				6289555127B826B6007FC75D /* NewsView.swift */,
			);
			path = News;
			sourceTree = "<group>";
		};
		626362C527BD105D00FE5636 /* RealmModels */ = {
			isa = PBXGroup;
			children = (
				626362CA27BD10DC00FE5636 /* RealmUsers.swift */,
				626362C627BD108F00FE5636 /* RealmGroups.swift */,
				626362C827BD10B200FE5636 /* RealmPhotos.swift */,
			);
			path = RealmModels;
			sourceTree = "<group>";
		};
		626362CC27BD131000FE5636 /* Core */ = {
			isa = PBXGroup;
			children = (
				62F2AC0B27E32A0E00AC7F3E /* AppDelegate.swift */,
				62505D9D27B965E1008F017B /*  VKclient_SwiftUIApp.swift */,
				626362CE27BD146700FE5636 /* NetworkService */,
			);
			path = Core;
			sourceTree = "<group>";
		};
		626362CD27BD138600FE5636 /* Login */ = {
			isa = PBXGroup;
			children = (
				6289554F27B821A7007FC75D /* TabViewVK.swift */,
				629398AF27B0218200A6FDD9 /* LoginContentView.swift */,
				626362D127BD14D000FE5636 /* VKlogin.swift */,
				622A250627BE64EF001E2659 /* Auth.swift */,
				62169C6327BED09800BD129E /* LoginFromWebView.swift */,
			);
			path = Login;
			sourceTree = "<group>";
		};
		626362CE27BD146700FE5636 /* NetworkService */ = {
			isa = PBXGroup;
			children = (
				626362D527BD20C400FE5636 /* RealmService.swift */,
				626362CF27BD148100FE5636 /* NetworkService.swift */,
			);
			path = NetworkService;
			sourceTree = "<group>";
		};
		62750B8C27D1234B00552977 /* TabView */ = {
			isa = PBXGroup;
			children = (
				621BFADD27DBC5F400A00DDA /* Coordinator */,
			);
			path = TabView;
			sourceTree = "<group>";
		};
		629398A127B0218200A6FDD9 = {
			isa = PBXGroup;
			children = (
				629398AC27B0218200A6FDD9 /* VKclient-SwiftUI */,
				629398AB27B0218200A6FDD9 /* Products */,
			);
			sourceTree = "<group>";
		};
		629398AB27B0218200A6FDD9 /* Products */ = {
			isa = PBXGroup;
			children = (
				629398AA27B0218200A6FDD9 /* VKclient-SwiftUI.app */,
			);
			name = Products;
			sourceTree = "<group>";
		};
		629398AC27B0218200A6FDD9 /* VKclient-SwiftUI */ = {
			isa = PBXGroup;
			children = (
				626362CC27BD131000FE5636 /* Core */,
				626362BB27BD0C2E00FE5636 /* Flows */,
				62A8AA1527B416EB00F80EA2 /* Reusable */,
				62A8AA1027B4169E00F80EA2 /* Models */,
				629398B127B0218300A6FDD9 /* Assets.xcassets */,
				629398B327B0218300A6FDD9 /* Preview Content */,
			);
			path = "VKclient-SwiftUI";
			sourceTree = "<group>";
		};
		629398B327B0218300A6FDD9 /* Preview Content */ = {
			isa = PBXGroup;
			children = (
				629398B427B0218300A6FDD9 /* Preview Assets.xcassets */,
			);
			path = "Preview Content";
			sourceTree = "<group>";
		};
		62A8AA1027B4169E00F80EA2 /* Models */ = {
			isa = PBXGroup;
			children = (
				62C4FD0A27C1594100FEBFA9 /* Model */,
				62C4FD0927C1592400FEBFA9 /* ViewModels */,
				626362C527BD105D00FE5636 /* RealmModels */,
			);
			path = Models;
			sourceTree = "<group>";
		};
		62A8AA1527B416EB00F80EA2 /* Reusable */ = {
			isa = PBXGroup;
			children = (
				62A8AA1827B416FC00F80EA2 /* ViewBuilder.swift */,
				62A8AA1627B416F500F80EA2 /* ViewModifier.swift */,
				621E925027C36BBB0029157F /* DetachProtocol.swift */,
			);
			path = Reusable;
			sourceTree = "<group>";
		};
		62C4FD0927C1592400FEBFA9 /* ViewModels */ = {
			isa = PBXGroup;
			children = (
				626362BF27BD0E1F00FE5636 /* GroupViewModel.swift */,
				626362D327BD15D000FE5636 /* UserViewModel.swift */,
				62C4FD0B27C1597900FEBFA9 /* PhotosViewModel.swift */,
			);
			path = ViewModels;
			sourceTree = "<group>";
		};
		62C4FD0A27C1594100FEBFA9 /* Model */ = {
			isa = PBXGroup;
			children = (
				62A8AA1127B416B000F80EA2 /* UserModel.swift */,
				626362C327BD101900FE5636 /* PhotosModel.swift */,
				62A8AA1327B416B800F80EA2 /* GroupModel.swift */,
				626362C127BD100800FE5636 /* NewsModel.swift */,
			);
			path = Model;
			sourceTree = "<group>";
		};
/* End PBXGroup section */

/* Begin PBXNativeTarget section */
		629398A927B0218200A6FDD9 /* VKclient-SwiftUI */ = {
			isa = PBXNativeTarget;
			buildConfigurationList = 629398B827B0218300A6FDD9 /* Build configuration list for PBXNativeTarget "VKclient-SwiftUI" */;
			buildPhases = (
				629398A627B0218200A6FDD9 /* Sources */,
				629398A727B0218200A6FDD9 /* Frameworks */,
				629398A827B0218200A6FDD9 /* Resources */,
			);
			buildRules = (
			);
			dependencies = (
			);
			name = "VKclient-SwiftUI";
			packageProductDependencies = (
				62505DA227B97C43008F017B /* QGrid */,
				626362AE27BCE94C00FE5636 /* Realm */,
				626362B027BCE94C00FE5636 /* RealmSwift */,
				626362B327BCEA3D00FE5636 /* SwiftyJSON */,
				626362B627BCEAA200FE5636 /* Kingfisher */,
				626362B927BCEABE00FE5636 /* Alamofire */,
			);
			productName = "VKclient-SwiftUI";
			productReference = 629398AA27B0218200A6FDD9 /* VKclient-SwiftUI.app */;
			productType = "com.apple.product-type.application";
		};
/* End PBXNativeTarget section */

/* Begin PBXProject section */
		629398A227B0218200A6FDD9 /* Project object */ = {
			isa = PBXProject;
			attributes = {
				BuildIndependentTargetsInParallel = 1;
				LastSwiftUpdateCheck = 1320;
				LastUpgradeCheck = 1320;
				TargetAttributes = {
					629398A927B0218200A6FDD9 = {
						CreatedOnToolsVersion = 13.2.1;
					};
				};
			};
			buildConfigurationList = 629398A527B0218200A6FDD9 /* Build configuration list for PBXProject "VKclient-SwiftUI" */;
			compatibilityVersion = "Xcode 13.0";
			developmentRegion = en;
			hasScannedForEncodings = 0;
			knownRegions = (
				en,
				Base,
			);
			mainGroup = 629398A127B0218200A6FDD9;
			packageReferences = (
				62505DA127B97C43008F017B /* XCRemoteSwiftPackageReference "QGrid" */,
				626362AD27BCE94C00FE5636 /* XCRemoteSwiftPackageReference "realm-swift" */,
				626362B227BCEA3D00FE5636 /* XCRemoteSwiftPackageReference "SwiftyJSON" */,
				626362B527BCEAA200FE5636 /* XCRemoteSwiftPackageReference "Kingfisher" */,
				626362B827BCEABE00FE5636 /* XCRemoteSwiftPackageReference "Alamofire" */,
			);
			productRefGroup = 629398AB27B0218200A6FDD9 /* Products */;
			projectDirPath = "";
			projectRoot = "";
			targets = (
				629398A927B0218200A6FDD9 /* VKclient-SwiftUI */,
			);
		};
/* End PBXProject section */

/* Begin PBXResourcesBuildPhase section */
		629398A827B0218200A6FDD9 /* Resources */ = {
			isa = PBXResourcesBuildPhase;
			buildActionMask = 2147483647;
			files = (
				629398B527B0218300A6FDD9 /* Preview Assets.xcassets in Resources */,
				629398B227B0218300A6FDD9 /* Assets.xcassets in Resources */,
			);
			runOnlyForDeploymentPostprocessing = 0;
		};
/* End PBXResourcesBuildPhase section */

/* Begin PBXSourcesBuildPhase section */
		629398A627B0218200A6FDD9 /* Sources */ = {
			isa = PBXSourcesBuildPhase;
			buildActionMask = 2147483647;
			files = (
				62A8AA1B27B4170A00F80EA2 /* FriendsView.swift in Sources */,
				62169C6427BED09800BD129E /* LoginFromWebView.swift in Sources */,
				626362D427BD15D000FE5636 /* UserViewModel.swift in Sources */,
				6259091027D203B200F0FDEA /* FriendsCell.swift in Sources */,
				626362CB27BD10DC00FE5636 /* RealmUsers.swift in Sources */,
				629398B027B0218200A6FDD9 /* LoginContentView.swift in Sources */,
				62C4FD0C27C1597900FEBFA9 /* PhotosViewModel.swift in Sources */,
				6259091227D2071A00F0FDEA /* PhotoFriendsCell.swift in Sources */,
				62F2AC1227E33DEA00AC7F3E /* TabBarCoordinatorView.swift in Sources */,
				62F2AC0C27E32A0E00AC7F3E /* AppDelegate.swift in Sources */,
				626362C727BD108F00FE5636 /* RealmGroups.swift in Sources */,
				626362D627BD20C400FE5636 /* RealmService.swift in Sources */,
				62A8AA1427B416B800F80EA2 /* GroupModel.swift in Sources */,
				6249C2AA27BA576B00B5F4EB /* SearchGroupView.swift in Sources */,
				6289555227B826B6007FC75D /* NewsView.swift in Sources */,
				621F9CF227E792D600F3F5AC /* GroupsCell.swift in Sources */,
				62505DA027B97A16008F017B /* PhotoFriendsView.swift in Sources */,
				621E925127C36BBB0029157F /* DetachProtocol.swift in Sources */,
				62505D9E27B965E1008F017B /*  VKclient_SwiftUIApp.swift in Sources */,
				62A8AA1927B416FC00F80EA2 /* ViewBuilder.swift in Sources */,
				626362D027BD148100FE5636 /* NetworkService.swift in Sources */,
				626362C027BD0E1F00FE5636 /* GroupViewModel.swift in Sources */,
				626362C227BD100800FE5636 /* NewsModel.swift in Sources */,
				626362D227BD14D000FE5636 /* VKlogin.swift in Sources */,
				626362C427BD101900FE5636 /* PhotosModel.swift in Sources */,
				62A8AA1227B416B000F80EA2 /* UserModel.swift in Sources */,
				62A8AA1727B416F500F80EA2 /* ViewModifier.swift in Sources */,
				6289555027B821A7007FC75D /* TabViewVK.swift in Sources */,
				62F2AC0E27E3373C00AC7F3E /* TabViewCoordinator.swift in Sources */,
				62CC03B327C292060077CA6F /* ExtendedPhotoView.swift in Sources */,
				626362C927BD10B200FE5636 /* RealmPhotos.swift in Sources */,
				62A8AA1D27B4171700F80EA2 /* GroupsView.swift in Sources */,
				622A250727BE64EF001E2659 /* Auth.swift in Sources */,
			);
			runOnlyForDeploymentPostprocessing = 0;
		};
/* End PBXSourcesBuildPhase section */

/* Begin XCBuildConfiguration section */
		629398B627B0218300A6FDD9 /* Debug */ = {
			isa = XCBuildConfiguration;
			buildSettings = {
				ALWAYS_SEARCH_USER_PATHS = NO;
				CLANG_ANALYZER_NONNULL = YES;
				CLANG_ANALYZER_NUMBER_OBJECT_CONVERSION = YES_AGGRESSIVE;
				CLANG_CXX_LANGUAGE_STANDARD = "gnu++17";
				CLANG_CXX_LIBRARY = "libc++";
				CLANG_ENABLE_MODULES = YES;
				CLANG_ENABLE_OBJC_ARC = YES;
				CLANG_ENABLE_OBJC_WEAK = YES;
				CLANG_WARN_BLOCK_CAPTURE_AUTORELEASING = YES;
				CLANG_WARN_BOOL_CONVERSION = YES;
				CLANG_WARN_COMMA = YES;
				CLANG_WARN_CONSTANT_CONVERSION = YES;
				CLANG_WARN_DEPRECATED_OBJC_IMPLEMENTATIONS = YES;
				CLANG_WARN_DIRECT_OBJC_ISA_USAGE = YES_ERROR;
				CLANG_WARN_DOCUMENTATION_COMMENTS = YES;
				CLANG_WARN_EMPTY_BODY = YES;
				CLANG_WARN_ENUM_CONVERSION = YES;
				CLANG_WARN_INFINITE_RECURSION = YES;
				CLANG_WARN_INT_CONVERSION = YES;
				CLANG_WARN_NON_LITERAL_NULL_CONVERSION = YES;
				CLANG_WARN_OBJC_IMPLICIT_RETAIN_SELF = YES;
				CLANG_WARN_OBJC_LITERAL_CONVERSION = YES;
				CLANG_WARN_OBJC_ROOT_CLASS = YES_ERROR;
				CLANG_WARN_QUOTED_INCLUDE_IN_FRAMEWORK_HEADER = YES;
				CLANG_WARN_RANGE_LOOP_ANALYSIS = YES;
				CLANG_WARN_STRICT_PROTOTYPES = YES;
				CLANG_WARN_SUSPICIOUS_MOVE = YES;
				CLANG_WARN_UNGUARDED_AVAILABILITY = YES_AGGRESSIVE;
				CLANG_WARN_UNREACHABLE_CODE = YES;
				CLANG_WARN__DUPLICATE_METHOD_MATCH = YES;
				COPY_PHASE_STRIP = NO;
				DEBUG_INFORMATION_FORMAT = dwarf;
				ENABLE_STRICT_OBJC_MSGSEND = YES;
				ENABLE_TESTABILITY = YES;
				GCC_C_LANGUAGE_STANDARD = gnu11;
				GCC_DYNAMIC_NO_PIC = NO;
				GCC_NO_COMMON_BLOCKS = YES;
				GCC_OPTIMIZATION_LEVEL = 0;
				GCC_PREPROCESSOR_DEFINITIONS = (
					"DEBUG=1",
					"$(inherited)",
				);
				GCC_WARN_64_TO_32_BIT_CONVERSION = YES;
				GCC_WARN_ABOUT_RETURN_TYPE = YES_ERROR;
				GCC_WARN_UNDECLARED_SELECTOR = YES;
				GCC_WARN_UNINITIALIZED_AUTOS = YES_AGGRESSIVE;
				GCC_WARN_UNUSED_FUNCTION = YES;
				GCC_WARN_UNUSED_VARIABLE = YES;
				IPHONEOS_DEPLOYMENT_TARGET = 15.2;
				MTL_ENABLE_DEBUG_INFO = INCLUDE_SOURCE;
				MTL_FAST_MATH = YES;
				ONLY_ACTIVE_ARCH = YES;
				SDKROOT = iphoneos;
				SWIFT_ACTIVE_COMPILATION_CONDITIONS = DEBUG;
				SWIFT_OPTIMIZATION_LEVEL = "-Onone";
			};
			name = Debug;
		};
		629398B727B0218300A6FDD9 /* Release */ = {
			isa = XCBuildConfiguration;
			buildSettings = {
				ALWAYS_SEARCH_USER_PATHS = NO;
				CLANG_ANALYZER_NONNULL = YES;
				CLANG_ANALYZER_NUMBER_OBJECT_CONVERSION = YES_AGGRESSIVE;
				CLANG_CXX_LANGUAGE_STANDARD = "gnu++17";
				CLANG_CXX_LIBRARY = "libc++";
				CLANG_ENABLE_MODULES = YES;
				CLANG_ENABLE_OBJC_ARC = YES;
				CLANG_ENABLE_OBJC_WEAK = YES;
				CLANG_WARN_BLOCK_CAPTURE_AUTORELEASING = YES;
				CLANG_WARN_BOOL_CONVERSION = YES;
				CLANG_WARN_COMMA = YES;
				CLANG_WARN_CONSTANT_CONVERSION = YES;
				CLANG_WARN_DEPRECATED_OBJC_IMPLEMENTATIONS = YES;
				CLANG_WARN_DIRECT_OBJC_ISA_USAGE = YES_ERROR;
				CLANG_WARN_DOCUMENTATION_COMMENTS = YES;
				CLANG_WARN_EMPTY_BODY = YES;
				CLANG_WARN_ENUM_CONVERSION = YES;
				CLANG_WARN_INFINITE_RECURSION = YES;
				CLANG_WARN_INT_CONVERSION = YES;
				CLANG_WARN_NON_LITERAL_NULL_CONVERSION = YES;
				CLANG_WARN_OBJC_IMPLICIT_RETAIN_SELF = YES;
				CLANG_WARN_OBJC_LITERAL_CONVERSION = YES;
				CLANG_WARN_OBJC_ROOT_CLASS = YES_ERROR;
				CLANG_WARN_QUOTED_INCLUDE_IN_FRAMEWORK_HEADER = YES;
				CLANG_WARN_RANGE_LOOP_ANALYSIS = YES;
				CLANG_WARN_STRICT_PROTOTYPES = YES;
				CLANG_WARN_SUSPICIOUS_MOVE = YES;
				CLANG_WARN_UNGUARDED_AVAILABILITY = YES_AGGRESSIVE;
				CLANG_WARN_UNREACHABLE_CODE = YES;
				CLANG_WARN__DUPLICATE_METHOD_MATCH = YES;
				COPY_PHASE_STRIP = NO;
				DEBUG_INFORMATION_FORMAT = "dwarf-with-dsym";
				ENABLE_NS_ASSERTIONS = NO;
				ENABLE_STRICT_OBJC_MSGSEND = YES;
				GCC_C_LANGUAGE_STANDARD = gnu11;
				GCC_NO_COMMON_BLOCKS = YES;
				GCC_WARN_64_TO_32_BIT_CONVERSION = YES;
				GCC_WARN_ABOUT_RETURN_TYPE = YES_ERROR;
				GCC_WARN_UNDECLARED_SELECTOR = YES;
				GCC_WARN_UNINITIALIZED_AUTOS = YES_AGGRESSIVE;
				GCC_WARN_UNUSED_FUNCTION = YES;
				GCC_WARN_UNUSED_VARIABLE = YES;
				IPHONEOS_DEPLOYMENT_TARGET = 15.2;
				MTL_ENABLE_DEBUG_INFO = NO;
				MTL_FAST_MATH = YES;
				SDKROOT = iphoneos;
				SWIFT_COMPILATION_MODE = wholemodule;
				SWIFT_OPTIMIZATION_LEVEL = "-O";
				VALIDATE_PRODUCT = YES;
			};
			name = Release;
		};
		629398B927B0218300A6FDD9 /* Debug */ = {
			isa = XCBuildConfiguration;
			buildSettings = {
				ASSETCATALOG_COMPILER_APPICON_NAME = AppIcon;
				ASSETCATALOG_COMPILER_GLOBAL_ACCENT_COLOR_NAME = AccentColor;
				CODE_SIGN_STYLE = Automatic;
				CURRENT_PROJECT_VERSION = 1;
				DEVELOPMENT_ASSET_PATHS = "\"VKclient-SwiftUI/Preview Content\"";
				DEVELOPMENT_TEAM = 59ZJVMG2BA;
				ENABLE_PREVIEWS = YES;
				GENERATE_INFOPLIST_FILE = YES;
				INFOPLIST_KEY_UIApplicationSceneManifest_Generation = YES;
				INFOPLIST_KEY_UIApplicationSupportsIndirectInputEvents = YES;
				INFOPLIST_KEY_UILaunchScreen_Generation = YES;
				INFOPLIST_KEY_UISupportedInterfaceOrientations_iPad = "UIInterfaceOrientationPortrait UIInterfaceOrientationPortraitUpsideDown UIInterfaceOrientationLandscapeLeft UIInterfaceOrientationLandscapeRight";
				INFOPLIST_KEY_UISupportedInterfaceOrientations_iPhone = "UIInterfaceOrientationPortrait UIInterfaceOrientationLandscapeLeft UIInterfaceOrientationLandscapeRight";
				LD_RUNPATH_SEARCH_PATHS = (
					"$(inherited)",
					"@executable_path/Frameworks",
				);
				MARKETING_VERSION = 1.0;
				PRODUCT_BUNDLE_IDENTIFIER = "testproject.com.alexgrg.VKclient-SwiftUI";
				PRODUCT_NAME = "$(TARGET_NAME)";
				SWIFT_EMIT_LOC_STRINGS = YES;
				SWIFT_VERSION = 5.0;
				TARGETED_DEVICE_FAMILY = "1,2";
			};
			name = Debug;
		};
		629398BA27B0218300A6FDD9 /* Release */ = {
			isa = XCBuildConfiguration;
			buildSettings = {
				ASSETCATALOG_COMPILER_APPICON_NAME = AppIcon;
				ASSETCATALOG_COMPILER_GLOBAL_ACCENT_COLOR_NAME = AccentColor;
				CODE_SIGN_STYLE = Automatic;
				CURRENT_PROJECT_VERSION = 1;
				DEVELOPMENT_ASSET_PATHS = "\"VKclient-SwiftUI/Preview Content\"";
				DEVELOPMENT_TEAM = 59ZJVMG2BA;
				ENABLE_PREVIEWS = YES;
				GENERATE_INFOPLIST_FILE = YES;
				INFOPLIST_KEY_UIApplicationSceneManifest_Generation = YES;
				INFOPLIST_KEY_UIApplicationSupportsIndirectInputEvents = YES;
				INFOPLIST_KEY_UILaunchScreen_Generation = YES;
				INFOPLIST_KEY_UISupportedInterfaceOrientations_iPad = "UIInterfaceOrientationPortrait UIInterfaceOrientationPortraitUpsideDown UIInterfaceOrientationLandscapeLeft UIInterfaceOrientationLandscapeRight";
				INFOPLIST_KEY_UISupportedInterfaceOrientations_iPhone = "UIInterfaceOrientationPortrait UIInterfaceOrientationLandscapeLeft UIInterfaceOrientationLandscapeRight";
				LD_RUNPATH_SEARCH_PATHS = (
					"$(inherited)",
					"@executable_path/Frameworks",
				);
				MARKETING_VERSION = 1.0;
				PRODUCT_BUNDLE_IDENTIFIER = "testproject.com.alexgrg.VKclient-SwiftUI";
				PRODUCT_NAME = "$(TARGET_NAME)";
				SWIFT_EMIT_LOC_STRINGS = YES;
				SWIFT_VERSION = 5.0;
				TARGETED_DEVICE_FAMILY = "1,2";
			};
			name = Release;
		};
/* End XCBuildConfiguration section */

/* Begin XCConfigurationList section */
		629398A527B0218200A6FDD9 /* Build configuration list for PBXProject "VKclient-SwiftUI" */ = {
			isa = XCConfigurationList;
			buildConfigurations = (
				629398B627B0218300A6FDD9 /* Debug */,
				629398B727B0218300A6FDD9 /* Release */,
			);
			defaultConfigurationIsVisible = 0;
			defaultConfigurationName = Release;
		};
		629398B827B0218300A6FDD9 /* Build configuration list for PBXNativeTarget "VKclient-SwiftUI" */ = {
			isa = XCConfigurationList;
			buildConfigurations = (
				629398B927B0218300A6FDD9 /* Debug */,
				629398BA27B0218300A6FDD9 /* Release */,
			);
			defaultConfigurationIsVisible = 0;
			defaultConfigurationName = Release;
		};
/* End XCConfigurationList section */

/* Begin XCRemoteSwiftPackageReference section */
		62505DA127B97C43008F017B /* XCRemoteSwiftPackageReference "QGrid" */ = {
			isa = XCRemoteSwiftPackageReference;
			repositoryURL = "https://github.com/Q-Mobile/QGrid";
			requirement = {
				kind = upToNextMajorVersion;
				minimumVersion = 0.1.4;
			};
		};
		626362AD27BCE94C00FE5636 /* XCRemoteSwiftPackageReference "realm-swift" */ = {
			isa = XCRemoteSwiftPackageReference;
			repositoryURL = "https://github.com/realm/realm-swift.git";
			requirement = {
				branch = master;
				kind = branch;
			};
		};
		626362B227BCEA3D00FE5636 /* XCRemoteSwiftPackageReference "SwiftyJSON" */ = {
			isa = XCRemoteSwiftPackageReference;
			repositoryURL = "https://github.com/SwiftyJSON/SwiftyJSON";
			requirement = {
				kind = upToNextMajorVersion;
				minimumVersion = 5.0.0;
			};
		};
		626362B527BCEAA200FE5636 /* XCRemoteSwiftPackageReference "Kingfisher" */ = {
			isa = XCRemoteSwiftPackageReference;
			repositoryURL = "https://github.com/onevcat/Kingfisher.git";
			requirement = {
				kind = upToNextMajorVersion;
				minimumVersion = 7.0.0;
			};
		};
		626362B827BCEABE00FE5636 /* XCRemoteSwiftPackageReference "Alamofire" */ = {
			isa = XCRemoteSwiftPackageReference;
			repositoryURL = "https://github.com/Alamofire/Alamofire.git";
			requirement = {
				branch = master;
				kind = branch;
			};
		};
/* End XCRemoteSwiftPackageReference section */

/* Begin XCSwiftPackageProductDependency section */
		62505DA227B97C43008F017B /* QGrid */ = {
			isa = XCSwiftPackageProductDependency;
			package = 62505DA127B97C43008F017B /* XCRemoteSwiftPackageReference "QGrid" */;
			productName = QGrid;
		};
		626362AE27BCE94C00FE5636 /* Realm */ = {
			isa = XCSwiftPackageProductDependency;
			package = 626362AD27BCE94C00FE5636 /* XCRemoteSwiftPackageReference "realm-swift" */;
			productName = Realm;
		};
		626362B027BCE94C00FE5636 /* RealmSwift */ = {
			isa = XCSwiftPackageProductDependency;
			package = 626362AD27BCE94C00FE5636 /* XCRemoteSwiftPackageReference "realm-swift" */;
			productName = RealmSwift;
		};
		626362B327BCEA3D00FE5636 /* SwiftyJSON */ = {
			isa = XCSwiftPackageProductDependency;
			package = 626362B227BCEA3D00FE5636 /* XCRemoteSwiftPackageReference "SwiftyJSON" */;
			productName = SwiftyJSON;
		};
		626362B627BCEAA200FE5636 /* Kingfisher */ = {
			isa = XCSwiftPackageProductDependency;
			package = 626362B527BCEAA200FE5636 /* XCRemoteSwiftPackageReference "Kingfisher" */;
			productName = Kingfisher;
		};
		626362B927BCEABE00FE5636 /* Alamofire */ = {
			isa = XCSwiftPackageProductDependency;
			package = 626362B827BCEABE00FE5636 /* XCRemoteSwiftPackageReference "Alamofire" */;
			productName = Alamofire;
		};
/* End XCSwiftPackageProductDependency section */
	};
	rootObject = 629398A227B0218200A6FDD9 /* Project object */;
}
